
Microsoft Visual Studio Solution File, Format Version 12.00
# Visual Studio Version 16
VisualStudioVersion = 16.0.31313.79
MinimumVisualStudioVersion = 10.0.40219.1
Project("{2150E333-8FDC-42A3-9474-1A3956D46DE8}") = "src", "src", "{18739448-947C-4A1E-B925-BBB9435AA45F}"
EndProject
Project("{2150E333-8FDC-42A3-9474-1A3956D46DE8}") = "application", "application", "{9BBE0498-A7EF-4EDB-BE8B-E4DC54B9BF9A}"
EndProject
Project("{2150E333-8FDC-42A3-9474-1A3956D46DE8}") = "core", "core", "{22ECC0D3-BC99-4D61-877B-50068CAB7D16}"
EndProject
Project("{2150E333-8FDC-42A3-9474-1A3956D46DE8}") = "domain", "domain", "{26C1A8D9-AB1A-410F-87CB-3A272A85C46B}"
EndProject
Project("{2150E333-8FDC-42A3-9474-1A3956D46DE8}") = "infrastructure", "infrastructure", "{CAE5A55E-D686-4C21-9F85-9EDD7C3443CB}"
EndProject
Project("{2150E333-8FDC-42A3-9474-1A3956D46DE8}") = "persistence", "persistence", "{F1AC9811-BC78-47E0-B9E3-293B8AF673F5}"
EndProject
Project("{2150E333-8FDC-42A3-9474-1A3956D46DE8}") = "presentation", "presentation", "{8C456709-3111-401C-9D25-043D0B5D18CB}"
EndProject
Project("{9A19103F-16F7-4668-BE54-9A1E7A4F7556}") = "MobilivaCase.Application", "MobilivaCase.Application\MobilivaCase.Application.csproj", "{B9860723-8E73-46D9-8C80-0E31BE59078D}"
EndProject
Project("{9A19103F-16F7-4668-BE54-9A1E7A4F7556}") = "MobilivaCase.Core", "MobilivaCase.Core\MobilivaCase.Core.csproj", "{F7C6C77C-87CB-4D67-B46A-E0EFDB98D824}"
EndProject
Project("{9A19103F-16F7-4668-BE54-9A1E7A4F7556}") = "MobilivaCase.Domain", "MobilivaCase.Domain\MobilivaCase.Domain.csproj", "{19BCCB83-BA7A-41DA-9C7C-A01C411F43DB}"
EndProject
Project("{9A19103F-16F7-4668-BE54-9A1E7A4F7556}") = "MobilivaCase.Infrastructure", "MobilivaCase.Infrastructure\MobilivaCase.Infrastructure.csproj", "{CAFEE380-7C1E-45A5-8037-3CEE7FB2379C}"
EndProject
Project("{9A19103F-16F7-4668-BE54-9A1E7A4F7556}") = "MobilivaCase.Persistence.EF", "MobilivaCase.Persistence\MobilivaCase.Persistence.EF.csproj", "{274851E2-6127-4EB0-A8AA-62F3FAB1AF05}"
EndProject
Project("{2150E333-8FDC-42A3-9474-1A3956D46DE8}") = "webapi", "webapi", "{EC2991C8-8838-45BB-BD5B-6D3BEB12E5EA}"
EndProject
Project("{9A19103F-16F7-4668-BE54-9A1E7A4F7556}") = "MobilivaCase.API", "MobilivaCase.API\MobilivaCase.API.csproj", "{1E922BBD-50D3-42F9-8157-84B4F3CE3E8B}"
EndProject
Project("{2150E333-8FDC-42A3-9474-1A3956D46DE8}") = "EFCore", "EFCore", "{22CC5118-0C53-4FB8-A473-4B410982EEE1}"
EndProject
Project("{2150E333-8FDC-42A3-9474-1A3956D46DE8}") = "console", "console", "{951B8FEC-55EC-4DE5-B562-DCB485409733}"
EndProject
Project("{FAE04EC0-301F-11D3-BF4B-00C04F79EFBC}") = "MobilivaCase.MessageQueueConsole", "MobilivaCase.MessageQueueConsole\MobilivaCase.MessageQueueConsole.csproj", "{413C8529-8442-4453-BE62-94989784D972}"
EndProject
Global
	GlobalSection(SolutionConfigurationPlatforms) = preSolution
		Debug|Any CPU = Debug|Any CPU
		Release|Any CPU = Release|Any CPU
	EndGlobalSection
	GlobalSection(ProjectConfigurationPlatforms) = postSolution
		{B9860723-8E73-46D9-8C80-0E31BE59078D}.Debug|Any CPU.ActiveCfg = Debug|Any CPU
		{B9860723-8E73-46D9-8C80-0E31BE59078D}.Debug|Any CPU.Build.0 = Debug|Any CPU
		{B9860723-8E73-46D9-8C80-0E31BE59078D}.Release|Any CPU.ActiveCfg = Release|Any CPU
		{B9860723-8E73-46D9-8C80-0E31BE59078D}.Release|Any CPU.Build.0 = Release|Any CPU
		{F7C6C77C-87CB-4D67-B46A-E0EFDB98D824}.Debug|Any CPU.ActiveCfg = Debug|Any CPU
		{F7C6C77C-87CB-4D67-B46A-E0EFDB98D824}.Debug|Any CPU.Build.0 = Debug|Any CPU
		{F7C6C77C-87CB-4D67-B46A-E0EFDB98D824}.Release|Any CPU.ActiveCfg = Release|Any CPU
		{F7C6C77C-87CB-4D67-B46A-E0EFDB98D824}.Release|Any CPU.Build.0 = Release|Any CPU
		{19BCCB83-BA7A-41DA-9C7C-A01C411F43DB}.Debug|Any CPU.ActiveCfg = Debug|Any CPU
		{19BCCB83-BA7A-41DA-9C7C-A01C411F43DB}.Debug|Any CPU.Build.0 = Debug|Any CPU
		{19BCCB83-BA7A-41DA-9C7C-A01C411F43DB}.Release|Any CPU.ActiveCfg = Release|Any CPU
		{19BCCB83-BA7A-41DA-9C7C-A01C411F43DB}.Release|Any CPU.Build.0 = Release|Any CPU
		{CAFEE380-7C1E-45A5-8037-3CEE7FB2379C}.Debug|Any CPU.ActiveCfg = Debug|Any CPU
		{CAFEE380-7C1E-45A5-8037-3CEE7FB2379C}.Debug|Any CPU.Build.0 = Debug|Any CPU
		{CAFEE380-7C1E-45A5-8037-3CEE7FB2379C}.Release|Any CPU.ActiveCfg = Release|Any CPU
		{CAFEE380-7C1E-45A5-8037-3CEE7FB2379C}.Release|Any CPU.Build.0 = Release|Any CPU
		{274851E2-6127-4EB0-A8AA-62F3FAB1AF05}.Debug|Any CPU.ActiveCfg = Debug|Any CPU
		{274851E2-6127-4EB0-A8AA-62F3FAB1AF05}.Debug|Any CPU.Build.0 = Debug|Any CPU
		{274851E2-6127-4EB0-A8AA-62F3FAB1AF05}.Release|Any CPU.ActiveCfg = Release|Any CPU
		{274851E2-6127-4EB0-A8AA-62F3FAB1AF05}.Release|Any CPU.Build.0 = Release|Any CPU
		{1E922BBD-50D3-42F9-8157-84B4F3CE3E8B}.Debug|Any CPU.ActiveCfg = Debug|Any CPU
		{1E922BBD-50D3-42F9-8157-84B4F3CE3E8B}.Debug|Any CPU.Build.0 = Debug|Any CPU
		{1E922BBD-50D3-42F9-8157-84B4F3CE3E8B}.Release|Any CPU.ActiveCfg = Release|Any CPU
		{1E922BBD-50D3-42F9-8157-84B4F3CE3E8B}.Release|Any CPU.Build.0 = Release|Any CPU
		{413C8529-8442-4453-BE62-94989784D972}.Debug|Any CPU.ActiveCfg = Debug|Any CPU
		{413C8529-8442-4453-BE62-94989784D972}.Debug|Any CPU.Build.0 = Debug|Any CPU
		{413C8529-8442-4453-BE62-94989784D972}.Release|Any CPU.ActiveCfg = Release|Any CPU
		{413C8529-8442-4453-BE62-94989784D972}.Release|Any CPU.Build.0 = Release|Any CPU
	EndGlobalSection
	GlobalSection(SolutionProperties) = preSolution
		HideSolutionNode = FALSE
	EndGlobalSection
	GlobalSection(NestedProjects) = preSolution
		{9BBE0498-A7EF-4EDB-BE8B-E4DC54B9BF9A} = {18739448-947C-4A1E-B925-BBB9435AA45F}
		{22ECC0D3-BC99-4D61-877B-50068CAB7D16} = {18739448-947C-4A1E-B925-BBB9435AA45F}
		{26C1A8D9-AB1A-410F-87CB-3A272A85C46B} = {18739448-947C-4A1E-B925-BBB9435AA45F}
		{CAE5A55E-D686-4C21-9F85-9EDD7C3443CB} = {18739448-947C-4A1E-B925-BBB9435AA45F}
		{F1AC9811-BC78-47E0-B9E3-293B8AF673F5} = {18739448-947C-4A1E-B925-BBB9435AA45F}
		{8C456709-3111-401C-9D25-043D0B5D18CB} = {18739448-947C-4A1E-B925-BBB9435AA45F}
		{B9860723-8E73-46D9-8C80-0E31BE59078D} = {9BBE0498-A7EF-4EDB-BE8B-E4DC54B9BF9A}
		{F7C6C77C-87CB-4D67-B46A-E0EFDB98D824} = {22ECC0D3-BC99-4D61-877B-50068CAB7D16}
		{19BCCB83-BA7A-41DA-9C7C-A01C411F43DB} = {26C1A8D9-AB1A-410F-87CB-3A272A85C46B}
		{CAFEE380-7C1E-45A5-8037-3CEE7FB2379C} = {CAE5A55E-D686-4C21-9F85-9EDD7C3443CB}
		{274851E2-6127-4EB0-A8AA-62F3FAB1AF05} = {22CC5118-0C53-4FB8-A473-4B410982EEE1}
		{EC2991C8-8838-45BB-BD5B-6D3BEB12E5EA} = {8C456709-3111-401C-9D25-043D0B5D18CB}
		{1E922BBD-50D3-42F9-8157-84B4F3CE3E8B} = {EC2991C8-8838-45BB-BD5B-6D3BEB12E5EA}
		{22CC5118-0C53-4FB8-A473-4B410982EEE1} = {F1AC9811-BC78-47E0-B9E3-293B8AF673F5}
		{951B8FEC-55EC-4DE5-B562-DCB485409733} = {18739448-947C-4A1E-B925-BBB9435AA45F}
		{413C8529-8442-4453-BE62-94989784D972} = {951B8FEC-55EC-4DE5-B562-DCB485409733}
	EndGlobalSection
	GlobalSection(ExtensibilityGlobals) = postSolution
		SolutionGuid = {FFBA8BD6-2FF2-4A17-84E0-97607CC488D4}
	EndGlobalSection
EndGlobal
